<?xml version="1.0" encoding="utf-8"?>
<Project ToolsVersion="4.0" xmlns="http://schemas.microsoft.com/developer/msbuild/2003">
  <ItemGroup>
    <Filter Include="win32">
      <UniqueIdentifier>{84a8ebd7-7cf0-47f6-b75e-d441df67da40}</UniqueIdentifier>
    </Filter>
    <Filter Include="Classes">
      <UniqueIdentifier>{bb6c862e-70e9-49d9-81b7-3829a6f50471}</UniqueIdentifier>
    </Filter>
    <Filter Include="Libs">
      <UniqueIdentifier>{905bf6b0-00bc-4bff-847c-944a38985d90}</UniqueIdentifier>
    </Filter>
    <Filter Include="Libs\Jsoncpp">
      <UniqueIdentifier>{e5cee504-c523-4f6d-9016-4ea4205f7bff}</UniqueIdentifier>
    </Filter>
    <Filter Include="Libs\Jsoncpp\include">
      <UniqueIdentifier>{15f86f65-b604-410a-83bc-43fa8bc3a4b7}</UniqueIdentifier>
    </Filter>
    <Filter Include="Libs\Jsoncpp\src">
      <UniqueIdentifier>{a78d8d34-8d47-4de1-bb5e-b109bf8feb0a}</UniqueIdentifier>
    </Filter>
    <Filter Include="Libs\Jsoncpp\include\json">
      <UniqueIdentifier>{63cecf8f-c497-4176-8700-08b52baa591c}</UniqueIdentifier>
    </Filter>
    <Filter Include="Libs\Jsoncpp\src\lib_json">
      <UniqueIdentifier>{69b41b74-910f-4ccf-8b98-fc6ff09875b6}</UniqueIdentifier>
    </Filter>
    <Filter Include="Classes\Tests">
      <UniqueIdentifier>{4f7d0ae0-f202-44db-8a06-22a8748d31b6}</UniqueIdentifier>
    </Filter>
    <Filter Include="Classes\Scenes">
      <UniqueIdentifier>{af99fc1f-ff9a-4cd5-b860-5afcbed142bf}</UniqueIdentifier>
    </Filter>
    <Filter Include="Classes\Controllers">
      <UniqueIdentifier>{79b436cd-6f58-4dd2-bbcc-165947243be9}</UniqueIdentifier>
    </Filter>
  </ItemGroup>
  <ItemGroup>
    <ClCompile Include="main.cpp">
      <Filter>win32</Filter>
    </ClCompile>
    <ClCompile Include="..\Classes\AppDelegate.cpp">
      <Filter>Classes</Filter>
    </ClCompile>
    <ClCompile Include="..\Libs\Jsoncpp\src\lib_json\json_reader.cpp">
      <Filter>Libs\Jsoncpp\src\lib_json</Filter>
    </ClCompile>
    <ClCompile Include="..\Libs\Jsoncpp\src\lib_json\json_value.cpp">
      <Filter>Libs\Jsoncpp\src\lib_json</Filter>
    </ClCompile>
    <ClCompile Include="..\Libs\Jsoncpp\src\lib_json\json_writer.cpp">
      <Filter>Libs\Jsoncpp\src\lib_json</Filter>
    </ClCompile>
    <ClCompile Include="..\Classes\Tests\Box.cpp">
      <Filter>Classes\Tests</Filter>
    </ClCompile>
    <ClCompile Include="..\Classes\Game.cpp">
      <Filter>Classes</Filter>
    </ClCompile>
    <ClCompile Include="..\Classes\Scenes\BaseScene.cpp">
      <Filter>Classes\Scenes</Filter>
    </ClCompile>
    <ClCompile Include="..\Classes\Scenes\GameSceneDirector.cpp">
      <Filter>Classes\Scenes</Filter>
    </ClCompile>
    <ClCompile Include="..\Classes\Scenes\MainScene.cpp">
      <Filter>Classes\Scenes</Filter>
    </ClCompile>
    <ClCompile Include="..\Classes\Controllers\FooterController.cpp">
      <Filter>Classes\Controllers</Filter>
    </ClCompile>
    <ClCompile Include="..\Classes\Controllers\HeaderController.cpp">
      <Filter>Classes\Controllers</Filter>
    </ClCompile>
    <ClCompile Include="..\Classes\Controllers\MainController.cpp">
      <Filter>Classes\Controllers</Filter>
    </ClCompile>
    <ClCompile Include="..\Classes\Scenes\TestButtonScene.cpp">
      <Filter>Classes\Scenes</Filter>
    </ClCompile>
    <ClCompile Include="..\Classes\Controllers\TestButtonController.cpp">
      <Filter>Classes\Controllers</Filter>
    </ClCompile>
    <ClCompile Include="..\Classes\Scenes\TestDocumentOrgnaizerScene.cpp">
      <Filter>Classes\Scenes</Filter>
    </ClCompile>
    <ClCompile Include="..\Classes\Scenes\TestListOrgnaizerScene.cpp">
      <Filter>Classes\Scenes</Filter>
    </ClCompile>
    <ClCompile Include="..\Classes\Controllers\TestDocumentOrgnaizerController.cpp">
      <Filter>Classes\Controllers</Filter>
    </ClCompile>
    <ClCompile Include="..\Classes\Controllers\TestListOrgnaizerController.cpp">
      <Filter>Classes\Controllers</Filter>
    </ClCompile>
    <ClCompile Include="..\Classes\Scenes\ThreeSegmentScene.cpp">
      <Filter>Classes\Scenes</Filter>
    </ClCompile>
    <ClCompile Include="..\Classes\Controllers\ThreeSegmentController.cpp">
      <Filter>Classes\Controllers</Filter>
    </ClCompile>
    <ClCompile Include="..\Classes\Tests\MenuItemUtil.cpp">
      <Filter>Classes\Tests</Filter>
    </ClCompile>
    <ClCompile Include="..\Classes\Controllers\TestLabelController.cpp">
      <Filter>Classes\Controllers</Filter>
    </ClCompile>
    <ClCompile Include="..\Classes\Scenes\TestLabelScene.cpp">
      <Filter>Classes\Scenes</Filter>
    </ClCompile>
  </ItemGroup>
  <ItemGroup>
    <ClInclude Include="main.h">
      <Filter>win32</Filter>
    </ClInclude>
    <ClInclude Include="..\Classes\AppDelegate.h">
      <Filter>Classes</Filter>
    </ClInclude>
    <ClInclude Include="..\Libs\Jsoncpp\include\json\autolink.h">
      <Filter>Libs\Jsoncpp\include\json</Filter>
    </ClInclude>
    <ClInclude Include="..\Libs\Jsoncpp\include\json\config.h">
      <Filter>Libs\Jsoncpp\include\json</Filter>
    </ClInclude>
    <ClInclude Include="..\Libs\Jsoncpp\include\json\features.h">
      <Filter>Libs\Jsoncpp\include\json</Filter>
    </ClInclude>
    <ClInclude Include="..\Libs\Jsoncpp\include\json\forwards.h">
      <Filter>Libs\Jsoncpp\include\json</Filter>
    </ClInclude>
    <ClInclude Include="..\Libs\Jsoncpp\include\json\json.h">
      <Filter>Libs\Jsoncpp\include\json</Filter>
    </ClInclude>
    <ClInclude Include="..\Libs\Jsoncpp\include\json\reader.h">
      <Filter>Libs\Jsoncpp\include\json</Filter>
    </ClInclude>
    <ClInclude Include="..\Libs\Jsoncpp\include\json\value.h">
      <Filter>Libs\Jsoncpp\include\json</Filter>
    </ClInclude>
    <ClInclude Include="..\Libs\Jsoncpp\include\json\writer.h">
      <Filter>Libs\Jsoncpp\include\json</Filter>
    </ClInclude>
    <ClInclude Include="..\Libs\Jsoncpp\src\lib_json\json_batchallocator.h">
      <Filter>Libs\Jsoncpp\src\lib_json</Filter>
    </ClInclude>
    <ClInclude Include="..\Classes\Tests\Box.h">
      <Filter>Classes\Tests</Filter>
    </ClInclude>
    <ClInclude Include="..\Classes\Game.h">
      <Filter>Classes</Filter>
    </ClInclude>
    <ClInclude Include="..\Classes\CCUIMacros.h">
      <Filter>Classes</Filter>
    </ClInclude>
    <ClInclude Include="..\Classes\Scenes\BaseScene.h">
      <Filter>Classes\Scenes</Filter>
    </ClInclude>
    <ClInclude Include="..\Classes\Scenes\GameSceneDirector.h">
      <Filter>Classes\Scenes</Filter>
    </ClInclude>
    <ClInclude Include="..\Classes\Scenes\SceneDefine.h">
      <Filter>Classes\Scenes</Filter>
    </ClInclude>
    <ClInclude Include="..\Classes\Scenes\SceneRegisterData.h">
      <Filter>Classes\Scenes</Filter>
    </ClInclude>
    <ClInclude Include="..\Classes\Scenes\MainScene.h">
      <Filter>Classes\Scenes</Filter>
    </ClInclude>
    <ClInclude Include="..\Classes\Controllers\FooterController.h">
      <Filter>Classes\Controllers</Filter>
    </ClInclude>
    <ClInclude Include="..\Classes\Controllers\HeaderController.h">
      <Filter>Classes\Controllers</Filter>
    </ClInclude>
    <ClInclude Include="..\Classes\Controllers\MainController.h">
      <Filter>Classes\Controllers</Filter>
    </ClInclude>
    <ClInclude Include="..\Classes\Scenes\TestButtonScene.h">
      <Filter>Classes\Scenes</Filter>
    </ClInclude>
    <ClInclude Include="..\Classes\Controllers\TestButtonController.h">
      <Filter>Classes\Controllers</Filter>
    </ClInclude>
    <ClInclude Include="..\Classes\Scenes\TestDocumentOrgnaizerScene.h">
      <Filter>Classes\Scenes</Filter>
    </ClInclude>
    <ClInclude Include="..\Classes\Scenes\TestListOrgnaizerScene.h">
      <Filter>Classes\Scenes</Filter>
    </ClInclude>
    <ClInclude Include="..\Classes\Controllers\TestDocumentOrgnaizerController.h">
      <Filter>Classes\Controllers</Filter>
    </ClInclude>
    <ClInclude Include="..\Classes\Controllers\TestListOrgnaizerController.h">
      <Filter>Classes\Controllers</Filter>
    </ClInclude>
    <ClInclude Include="..\Classes\Scenes\ThreeSegmentScene.h">
      <Filter>Classes\Scenes</Filter>
    </ClInclude>
    <ClInclude Include="..\Classes\Controllers\ThreeSegmentController.h">
      <Filter>Classes\Controllers</Filter>
    </ClInclude>
    <ClInclude Include="..\Classes\Tests\MenuItemUtil.h">
      <Filter>Classes\Tests</Filter>
    </ClInclude>
    <ClInclude Include="..\Classes\Messages.h">
      <Filter>Classes</Filter>
    </ClInclude>
    <ClInclude Include="..\Classes\Controllers\TestLabelController.h">
      <Filter>Classes\Controllers</Filter>
    </ClInclude>
    <ClInclude Include="..\Classes\Scenes\TestLabelScene.h">
      <Filter>Classes\Scenes</Filter>
    </ClInclude>
  </ItemGroup>
  <ItemGroup>
    <None Include="..\Libs\Jsoncpp\src\lib_json\json_internalarray.inl">
      <Filter>Libs\Jsoncpp\src\lib_json</Filter>
    </None>
    <None Include="..\Libs\Jsoncpp\src\lib_json\json_internalmap.inl">
      <Filter>Libs\Jsoncpp\src\lib_json</Filter>
    </None>
    <None Include="..\Libs\Jsoncpp\src\lib_json\json_valueiterator.inl">
      <Filter>Libs\Jsoncpp\src\lib_json</Filter>
    </None>
  </ItemGroup>
</Project>